
Microsoft Visual Studio Solution File, Format Version 12.00
# Visual Studio 15
VisualStudioVersion = 15.0.28010.2036
MinimumVisualStudioVersion = 10.0.40219.1
Project("{E24C65DC-7377-472B-9ABA-BC803B73C61A}") = "SEO", "SEO\", "{A558BC26-4F9E-478D-9308-E4D32A9442F6}"
	ProjectSection(WebsiteProperties) = preProject
		TargetFrameworkMoniker = ".NETFramework,Version%3Dv4.6.1"
		Debug.AspNetCompiler.VirtualPath = "/localhost_50680"
		Debug.AspNetCompiler.PhysicalPath = "SEO\"
		Debug.AspNetCompiler.TargetPath = "PrecompiledWeb\localhost_50680\"
		Debug.AspNetCompiler.Updateable = "true"
		Debug.AspNetCompiler.ForceOverwrite = "true"
		Debug.AspNetCompiler.FixedNames = "false"
		Debug.AspNetCompiler.Debug = "True"
		Release.AspNetCompiler.VirtualPath = "/localhost_50680"
		Release.AspNetCompiler.PhysicalPath = "SEO\"
		Release.AspNetCompiler.TargetPath = "PrecompiledWeb\localhost_50680\"
		Release.AspNetCompiler.Updateable = "true"
		Release.AspNetCompiler.ForceOverwrite = "true"
		Release.AspNetCompiler.FixedNames = "false"
		Release.AspNetCompiler.Debug = "False"
		VWDPort = "50680"
		SlnRelativePath = "SEO\"
		DefaultWebSiteLanguage = "Visual C#"
	EndProjectSection
EndProject
Global
	GlobalSection(SolutionConfigurationPlatforms) = preSolution
		Debug|Any CPU = Debug|Any CPU
	EndGlobalSection
	GlobalSection(ProjectConfigurationPlatforms) = postSolution
		{A558BC26-4F9E-478D-9308-E4D32A9442F6}.Debug|Any CPU.ActiveCfg = Debug|Any CPU
		{A558BC26-4F9E-478D-9308-E4D32A9442F6}.Debug|Any CPU.Build.0 = Debug|Any CPU
	EndGlobalSection
	GlobalSection(SolutionProperties) = preSolution
		HideSolutionNode = FALSE
	EndGlobalSection
	GlobalSection(ExtensibilityGlobals) = postSolution
		SolutionGuid = {C9FE4FFB-CE46-4787-A82B-54414926302D}
	EndGlobalSection
EndGlobal
